<Solution>
  <Folder Name="/src/">
    <Project Path="src\SUI.NotificationService\SUI.NotificationService.csproj" Type="Classic C#" />
    <Project
      Path="src\SUI.NotificationService.Application\SUI.NotificationService.Application.csproj"
      Type="Classic C#"
    />
    <Project
      Path="src\SUI.NotificationService.Infrastructure\SUI.NotificationService.Infrastructure.csproj"
      Type="Classic C#"
    />
    <Project
      Path="src\SUI.NotificationService.Mns\SUI.NotificationService.Mns.csproj"
      Type="Classic C#"
    />
    <Project
      Path="src\SUI.NotificationService.Webhooks\SUI.NotificationService.Webhooks.csproj"
      Type="Classic C#"
    />
  </Folder>
  <Folder Name="/tests/">
    <Project
      Path="tests\SUI.NotificationService.UnitTests\SUI.NotificationService.UnitTests.csproj"
      Type="Classic C#"
    />
  </Folder>
</Solution>
