<Solution>
  <Folder Name="/src/">
    <Project Path="SUi.Find.Application/SUi.Find.Application.csproj" />
    <Project Path="Sui.Find.Domain/Sui.Find.Domain.csproj" />
    <Project Path="SUI.Find.Infrastructure/SUI.Find.Infrastructure.csproj" />
  </Folder>
  <Folder Name="/tests/">
    <Project Path="Sui.Find.Application.UnitTests/Sui.Find.Application.UnitTests.csproj" />
  </Folder>
</Solution>
